
Microsoft Visual Studio Solution File, Format Version 12.00
# Visual Studio 15
VisualStudioVersion = 15.0.26730.16
MinimumVisualStudioVersion = 10.0.40219.1
Project("{FAE04EC0-301F-11D3-BF4B-00C04F79EFBC}") = "Parker", "Parker\Parker.csproj", "{6152333D-B838-4871-98DB-AEEB9CA1FF1F}"
EndProject
Project("{FAE04EC0-301F-11D3-BF4B-00C04F79EFBC}") = "RecordingDeviceSimulator", "RecordingDeviceSimulator\RecordingDeviceSimulator.csproj", "{562C7166-DF02-4CBB-8CA4-00E44C54B62B}"
EndProject
Global
	GlobalSection(SolutionConfigurationPlatforms) = preSolution
		Debug|Any CPU = Debug|Any CPU
		Release|Any CPU = Release|Any CPU
	EndGlobalSection
	GlobalSection(ProjectConfigurationPlatforms) = postSolution
		{6152333D-B838-4871-98DB-AEEB9CA1FF1F}.Debug|Any CPU.ActiveCfg = Debug|Any CPU
		{6152333D-B838-4871-98DB-AEEB9CA1FF1F}.Debug|Any CPU.Build.0 = Debug|Any CPU
		{6152333D-B838-4871-98DB-AEEB9CA1FF1F}.Release|Any CPU.ActiveCfg = Release|Any CPU
		{6152333D-B838-4871-98DB-AEEB9CA1FF1F}.Release|Any CPU.Build.0 = Release|Any CPU
		{562C7166-DF02-4CBB-8CA4-00E44C54B62B}.Debug|Any CPU.ActiveCfg = Debug|Any CPU
		{562C7166-DF02-4CBB-8CA4-00E44C54B62B}.Debug|Any CPU.Build.0 = Debug|Any CPU
		{562C7166-DF02-4CBB-8CA4-00E44C54B62B}.Release|Any CPU.ActiveCfg = Release|Any CPU
		{562C7166-DF02-4CBB-8CA4-00E44C54B62B}.Release|Any CPU.Build.0 = Release|Any CPU
	EndGlobalSection
	GlobalSection(SolutionProperties) = preSolution
		HideSolutionNode = FALSE
	EndGlobalSection
	GlobalSection(ExtensibilityGlobals) = postSolution
		SolutionGuid = {2E0F7AC1-8C78-4EC7-83FA-D29A35168602}
	EndGlobalSection
EndGlobal
